// !$*UTF8*$!
{
	archiveVersion = 1;
	classes = {
	};
	objectVersion = 46;
	objects = {

/* Begin PBXBuildFile section */
		2546746CC938A31F51DBA8FB /* libPods.a in Frameworks */ = {isa = PBXBuildFile; fileRef = E3ECC38A44ED95E43A233443 /* libPods.a */; };
		B32FC2031D1198BD002CB2B1 /* main.m in Sources */ = {isa = PBXBuildFile; fileRef = B32FC2021D1198BD002CB2B1 /* main.m */; };
		B32FC2061D1198BD002CB2B1 /* AppDelegate.m in Sources */ = {isa = PBXBuildFile; fileRef = B32FC2051D1198BD002CB2B1 /* AppDelegate.m */; };
		B32FC2091D1198BD002CB2B1 /* ViewController.m in Sources */ = {isa = PBXBuildFile; fileRef = B32FC2081D1198BD002CB2B1 /* ViewController.m */; };
		B32FC20C1D1198BD002CB2B1 /* Main.storyboard in Resources */ = {isa = PBXBuildFile; fileRef = B32FC20A1D1198BD002CB2B1 /* Main.storyboard */; };
		B32FC20E1D1198BD002CB2B1 /* Assets.xcassets in Resources */ = {isa = PBXBuildFile; fileRef = B32FC20D1D1198BD002CB2B1 /* Assets.xcassets */; };
		B32FC2111D1198BD002CB2B1 /* LaunchScreen.storyboard in Resources */ = {isa = PBXBuildFile; fileRef = B32FC20F1D1198BD002CB2B1 /* LaunchScreen.storyboard */; };
		B32FC21C1D1198BD002CB2B1 /* PictureImageUITests.m in Sources */ = {isa = PBXBuildFile; fileRef = B32FC21B1D1198BD002CB2B1 /* PictureImageUITests.m */; };
		B32FC2281D119BAC002CB2B1 /* SvIncrementallyImage.m in Sources */ = {isa = PBXBuildFile; fileRef = B32FC2271D119BAC002CB2B1 /* SvIncrementallyImage.m */; };
		B32FC22B1D11A821002CB2B1 /* JYCImageIOP.m in Sources */ = {isa = PBXBuildFile; fileRef = B32FC22A1D11A821002CB2B1 /* JYCImageIOP.m */; };
		B3A3EE4E1D12347D002FCA4B /* UIFont+SetFontWithiPhoneStyle.m in Sources */ = {isa = PBXBuildFile; fileRef = B3A3EE4D1D12347D002FCA4B /* UIFont+SetFontWithiPhoneStyle.m */; };
		B3A3EE511D124035002FCA4B /* UIImage+animatedGIF.m in Sources */ = {isa = PBXBuildFile; fileRef = B3A3EE501D124035002FCA4B /* UIImage+animatedGIF.m */; };
		B3A3EE571D12413F002FCA4B /* UIViewController+Loading.m in Sources */ = {isa = PBXBuildFile; fileRef = B3A3EE561D12413F002FCA4B /* UIViewController+Loading.m */; };
		B3A3EE5B1D124546002FCA4B /* niconiconi.gif in Resources */ = {isa = PBXBuildFile; fileRef = B3A3EE5A1D124546002FCA4B /* niconiconi.gif */; };
		B3A3EE641D124555002FCA4B /* load.gif in Resources */ = {isa = PBXBuildFile; fileRef = B3A3EE5D1D124555002FCA4B /* load.gif */; };
		B3A3EE651D124555002FCA4B /* loadWater.gif in Resources */ = {isa = PBXBuildFile; fileRef = B3A3EE5E1D124555002FCA4B /* loadWater.gif */; };
		B3A3EE661D124555002FCA4B /* stronLoading.gif in Resources */ = {isa = PBXBuildFile; fileRef = B3A3EE5F1D124555002FCA4B /* stronLoading.gif */; };
		B3A3EE691D124555002FCA4B /* kuColorLoading.gif in Resources */ = {isa = PBXBuildFile; fileRef = B3A3EE621D124555002FCA4B /* kuColorLoading.gif */; };
/* End PBXBuildFile section */

/* Begin PBXContainerItemProxy section */
		B32FC2181D1198BD002CB2B1 /* PBXContainerItemProxy */ = {
			isa = PBXContainerItemProxy;
			containerPortal = B32FC1F61D1198BD002CB2B1 /* Project object */;
			proxyType = 1;
			remoteGlobalIDString = B32FC1FD1D1198BD002CB2B1;
			remoteInfo = PictureImage;
		};
/* End PBXContainerItemProxy section */

/* Begin PBXFileReference section */
		4719AFC2DB3E9C22E50A4B55 /* Pods.debug.xcconfig */ = {isa = PBXFileReference; includeInIndex = 1; lastKnownFileType = text.xcconfig; name = Pods.debug.xcconfig; path = "Pods/Target Support Files/Pods/Pods.debug.xcconfig"; sourceTree = "<group>"; };
		A6406516AE586348F314C8E4 /* Pods.release.xcconfig */ = {isa = PBXFileReference; includeInIndex = 1; lastKnownFileType = text.xcconfig; name = Pods.release.xcconfig; path = "Pods/Target Support Files/Pods/Pods.release.xcconfig"; sourceTree = "<group>"; };
		B32FC1FE1D1198BD002CB2B1 /* PictureImage.app */ = {isa = PBXFileReference; explicitFileType = wrapper.application; includeInIndex = 0; path = PictureImage.app; sourceTree = BUILT_PRODUCTS_DIR; };
		B32FC2021D1198BD002CB2B1 /* main.m */ = {isa = PBXFileReference; lastKnownFileType = sourcecode.c.objc; path = main.m; sourceTree = "<group>"; };
		B32FC2041D1198BD002CB2B1 /* AppDelegate.h */ = {isa = PBXFileReference; lastKnownFileType = sourcecode.c.h; path = AppDelegate.h; sourceTree = "<group>"; };
		B32FC2051D1198BD002CB2B1 /* AppDelegate.m */ = {isa = PBXFileReference; lastKnownFileType = sourcecode.c.objc; path = AppDelegate.m; sourceTree = "<group>"; };
		B32FC2071D1198BD002CB2B1 /* ViewController.h */ = {isa = PBXFileReference; lastKnownFileType = sourcecode.c.h; path = ViewController.h; sourceTree = "<group>"; };
		B32FC2081D1198BD002CB2B1 /* ViewController.m */ = {isa = PBXFileReference; lastKnownFileType = sourcecode.c.objc; path = ViewController.m; sourceTree = "<group>"; };
		B32FC20B1D1198BD002CB2B1 /* Base */ = {isa = PBXFileReference; lastKnownFileType = file.storyboard; name = Base; path = Base.lproj/Main.storyboard; sourceTree = "<group>"; };
		B32FC20D1D1198BD002CB2B1 /* Assets.xcassets */ = {isa = PBXFileReference; lastKnownFileType = folder.assetcatalog; path = Assets.xcassets; sourceTree = "<group>"; };
		B32FC2101D1198BD002CB2B1 /* Base */ = {isa = PBXFileReference; lastKnownFileType = file.storyboard; name = Base; path = Base.lproj/LaunchScreen.storyboard; sourceTree = "<group>"; };
		B32FC2121D1198BD002CB2B1 /* Info.plist */ = {isa = PBXFileReference; lastKnownFileType = text.plist.xml; path = Info.plist; sourceTree = "<group>"; };
		B32FC2171D1198BD002CB2B1 /* PictureImageUITests.xctest */ = {isa = PBXFileReference; explicitFileType = wrapper.cfbundle; includeInIndex = 0; path = PictureImageUITests.xctest; sourceTree = BUILT_PRODUCTS_DIR; };
		B32FC21B1D1198BD002CB2B1 /* PictureImageUITests.m */ = {isa = PBXFileReference; lastKnownFileType = sourcecode.c.objc; path = PictureImageUITests.m; sourceTree = "<group>"; };
		B32FC21D1D1198BD002CB2B1 /* Info.plist */ = {isa = PBXFileReference; lastKnownFileType = text.plist.xml; path = Info.plist; sourceTree = "<group>"; };
		B32FC2261D119BAC002CB2B1 /* SvIncrementallyImage.h */ = {isa = PBXFileReference; fileEncoding = 4; lastKnownFileType = sourcecode.c.h; path = SvIncrementallyImage.h; sourceTree = "<group>"; };
		B32FC2271D119BAC002CB2B1 /* SvIncrementallyImage.m */ = {isa = PBXFileReference; fileEncoding = 4; lastKnownFileType = sourcecode.c.objc; path = SvIncrementallyImage.m; sourceTree = "<group>"; };
		B32FC2291D11A821002CB2B1 /* JYCImageIOP.h */ = {isa = PBXFileReference; fileEncoding = 4; lastKnownFileType = sourcecode.c.h; path = JYCImageIOP.h; sourceTree = "<group>"; };
		B32FC22A1D11A821002CB2B1 /* JYCImageIOP.m */ = {isa = PBXFileReference; fileEncoding = 4; lastKnownFileType = sourcecode.c.objc; path = JYCImageIOP.m; sourceTree = "<group>"; };
		B3A3EE4C1D12347D002FCA4B /* UIFont+SetFontWithiPhoneStyle.h */ = {isa = PBXFileReference; fileEncoding = 4; lastKnownFileType = sourcecode.c.h; path = "UIFont+SetFontWithiPhoneStyle.h"; sourceTree = "<group>"; };
		B3A3EE4D1D12347D002FCA4B /* UIFont+SetFontWithiPhoneStyle.m */ = {isa = PBXFileReference; fileEncoding = 4; lastKnownFileType = sourcecode.c.objc; path = "UIFont+SetFontWithiPhoneStyle.m"; sourceTree = "<group>"; };
		B3A3EE4F1D124035002FCA4B /* UIImage+animatedGIF.h */ = {isa = PBXFileReference; fileEncoding = 4; lastKnownFileType = sourcecode.c.h; path = "UIImage+animatedGIF.h"; sourceTree = "<group>"; };
		B3A3EE501D124035002FCA4B /* UIImage+animatedGIF.m */ = {isa = PBXFileReference; fileEncoding = 4; lastKnownFileType = sourcecode.c.objc; path = "UIImage+animatedGIF.m"; sourceTree = "<group>"; };
		B3A3EE551D12413F002FCA4B /* UIViewController+Loading.h */ = {isa = PBXFileReference; fileEncoding = 4; lastKnownFileType = sourcecode.c.h; path = "UIViewController+Loading.h"; sourceTree = "<group>"; };
		B3A3EE561D12413F002FCA4B /* UIViewController+Loading.m */ = {isa = PBXFileReference; fileEncoding = 4; lastKnownFileType = sourcecode.c.objc; path = "UIViewController+Loading.m"; sourceTree = "<group>"; };
		B3A3EE5A1D124546002FCA4B /* niconiconi.gif */ = {isa = PBXFileReference; lastKnownFileType = image.gif; path = niconiconi.gif; sourceTree = "<group>"; };
		B3A3EE5D1D124555002FCA4B /* load.gif */ = {isa = PBXFileReference; lastKnownFileType = image.gif; path = load.gif; sourceTree = "<group>"; };
		B3A3EE5E1D124555002FCA4B /* loadWater.gif */ = {isa = PBXFileReference; lastKnownFileType = image.gif; path = loadWater.gif; sourceTree = "<group>"; };
		B3A3EE5F1D124555002FCA4B /* stronLoading.gif */ = {isa = PBXFileReference; lastKnownFileType = image.gif; path = stronLoading.gif; sourceTree = "<group>"; };
		B3A3EE621D124555002FCA4B /* kuColorLoading.gif */ = {isa = PBXFileReference; lastKnownFileType = image.gif; path = kuColorLoading.gif; sourceTree = "<group>"; };
		E3ECC38A44ED95E43A233443 /* libPods.a */ = {isa = PBXFileReference; explicitFileType = archive.ar; includeInIndex = 0; path = libPods.a; sourceTree = BUILT_PRODUCTS_DIR; };
/* End PBXFileReference section */

/* Begin PBXFrameworksBuildPhase section */
		B32FC1FB1D1198BD002CB2B1 /* Frameworks */ = {
			isa = PBXFrameworksBuildPhase;
			buildActionMask = 2147483647;
			files = (
				2546746CC938A31F51DBA8FB /* libPods.a in Frameworks */,
			);
			runOnlyForDeploymentPostprocessing = 0;
		};
		B32FC2141D1198BD002CB2B1 /* Frameworks */ = {
			isa = PBXFrameworksBuildPhase;
			buildActionMask = 2147483647;
			files = (
			);
			runOnlyForDeploymentPostprocessing = 0;
		};
/* End PBXFrameworksBuildPhase section */

/* Begin PBXGroup section */
		2E2103B04A1FBA6504B1C07D /* Frameworks */ = {
			isa = PBXGroup;
			children = (
				E3ECC38A44ED95E43A233443 /* libPods.a */,
			);
			name = Frameworks;
			sourceTree = "<group>";
		};
		4A1B3259C4C3521D8E9C0ED4 /* Pods */ = {
			isa = PBXGroup;
			children = (
				4719AFC2DB3E9C22E50A4B55 /* Pods.debug.xcconfig */,
				A6406516AE586348F314C8E4 /* Pods.release.xcconfig */,
			);
			name = Pods;
			sourceTree = "<group>";
		};
		B32FC1F51D1198BD002CB2B1 = {
			isa = PBXGroup;
			children = (
				B32FC2001D1198BD002CB2B1 /* PictureImage */,
				B32FC21A1D1198BD002CB2B1 /* PictureImageUITests */,
				B32FC1FF1D1198BD002CB2B1 /* Products */,
				4A1B3259C4C3521D8E9C0ED4 /* Pods */,
				2E2103B04A1FBA6504B1C07D /* Frameworks */,
			);
			sourceTree = "<group>";
		};
		B32FC1FF1D1198BD002CB2B1 /* Products */ = {
			isa = PBXGroup;
			children = (
				B32FC1FE1D1198BD002CB2B1 /* PictureImage.app */,
				B32FC2171D1198BD002CB2B1 /* PictureImageUITests.xctest */,
			);
			name = Products;
			sourceTree = "<group>";
		};
		B32FC2001D1198BD002CB2B1 /* PictureImage */ = {
			isa = PBXGroup;
			children = (
				B32FC2041D1198BD002CB2B1 /* AppDelegate.h */,
				B32FC2051D1198BD002CB2B1 /* AppDelegate.m */,
				B32FC2071D1198BD002CB2B1 /* ViewController.h */,
				B32FC2081D1198BD002CB2B1 /* ViewController.m */,
				B32FC2261D119BAC002CB2B1 /* SvIncrementallyImage.h */,
				B32FC2271D119BAC002CB2B1 /* SvIncrementallyImage.m */,
				B32FC2291D11A821002CB2B1 /* JYCImageIOP.h */,
				B32FC22A1D11A821002CB2B1 /* JYCImageIOP.m */,
				B3A3EE4F1D124035002FCA4B /* UIImage+animatedGIF.h */,
				B3A3EE501D124035002FCA4B /* UIImage+animatedGIF.m */,
				B3A3EE551D12413F002FCA4B /* UIViewController+Loading.h */,
				B3A3EE561D12413F002FCA4B /* UIViewController+Loading.m */,
				B3A3EE4C1D12347D002FCA4B /* UIFont+SetFontWithiPhoneStyle.h */,
				B3A3EE4D1D12347D002FCA4B /* UIFont+SetFontWithiPhoneStyle.m */,
				B3A3EE591D124546002FCA4B /* GIF */,
				B32FC20A1D1198BD002CB2B1 /* Main.storyboard */,
				B32FC20D1D1198BD002CB2B1 /* Assets.xcassets */,
				B32FC20F1D1198BD002CB2B1 /* LaunchScreen.storyboard */,
				B32FC2121D1198BD002CB2B1 /* Info.plist */,
				B32FC2011D1198BD002CB2B1 /* Supporting Files */,
			);
			path = PictureImage;
			sourceTree = "<group>";
		};
		B32FC2011D1198BD002CB2B1 /* Supporting Files */ = {
			isa = PBXGroup;
			children = (
				B32FC2021D1198BD002CB2B1 /* main.m */,
			);
			name = "Supporting Files";
			sourceTree = "<group>";
		};
		B32FC21A1D1198BD002CB2B1 /* PictureImageUITests */ = {
			isa = PBXGroup;
			children = (
				B32FC21B1D1198BD002CB2B1 /* PictureImageUITests.m */,
				B32FC21D1D1198BD002CB2B1 /* Info.plist */,
			);
			path = PictureImageUITests;
			sourceTree = "<group>";
		};
		B3A3EE591D124546002FCA4B /* GIF */ = {
			isa = PBXGroup;
			children = (
				B3A3EE5D1D124555002FCA4B /* load.gif */,
				B3A3EE5E1D124555002FCA4B /* loadWater.gif */,
				B3A3EE5F1D124555002FCA4B /* stronLoading.gif */,
				B3A3EE621D124555002FCA4B /* kuColorLoading.gif */,
				B3A3EE5A1D124546002FCA4B /* niconiconi.gif */,
			);
			path = GIF;
			sourceTree = "<group>";
		};
/* End PBXGroup section */

/* Begin PBXNativeTarget section */
		B32FC1FD1D1198BD002CB2B1 /* PictureImage */ = {
			isa = PBXNativeTarget;
			buildConfigurationList = B32FC2201D1198BD002CB2B1 /* Build configuration list for PBXNativeTarget "PictureImage" */;
			buildPhases = (
				8612ABDCAEED24A33F6896CA /* Check Pods Manifest.lock */,
				B32FC1FA1D1198BD002CB2B1 /* Sources */,
				B32FC1FB1D1198BD002CB2B1 /* Frameworks */,
				B32FC1FC1D1198BD002CB2B1 /* Resources */,
				A0D72EFC4390F4546665357D /* Embed Pods Frameworks */,
				1E424F864813681978E9550C /* Copy Pods Resources */,
			);
			buildRules = (
			);
			dependencies = (
			);
			name = PictureImage;
			productName = PictureImage;
			productReference = B32FC1FE1D1198BD002CB2B1 /* PictureImage.app */;
			productType = "com.apple.product-type.application";
		};
		B32FC2161D1198BD002CB2B1 /* PictureImageUITests */ = {
			isa = PBXNativeTarget;
			buildConfigurationList = B32FC2231D1198BD002CB2B1 /* Build configuration list for PBXNativeTarget "PictureImageUITests" */;
			buildPhases = (
				B32FC2131D1198BD002CB2B1 /* Sources */,
				B32FC2141D1198BD002CB2B1 /* Frameworks */,
				B32FC2151D1198BD002CB2B1 /* Resources */,
			);
			buildRules = (
			);
			dependencies = (
				B32FC2191D1198BD002CB2B1 /* PBXTargetDependency */,
			);
			name = PictureImageUITests;
			productName = PictureImageUITests;
			productReference = B32FC2171D1198BD002CB2B1 /* PictureImageUITests.xctest */;
			productType = "com.apple.product-type.bundle.ui-testing";
		};
/* End PBXNativeTarget section */

/* Begin PBXProject section */
		B32FC1F61D1198BD002CB2B1 /* Project object */ = {
			isa = PBXProject;
			attributes = {
				LastUpgradeCheck = 0730;
				ORGANIZATIONNAME = "蒋永昌";
				TargetAttributes = {
					B32FC1FD1D1198BD002CB2B1 = {
						CreatedOnToolsVersion = 7.3;
					};
					B32FC2161D1198BD002CB2B1 = {
						CreatedOnToolsVersion = 7.3;
						TestTargetID = B32FC1FD1D1198BD002CB2B1;
					};
				};
			};
			buildConfigurationList = B32FC1F91D1198BD002CB2B1 /* Build configuration list for PBXProject "PictureImage" */;
			compatibilityVersion = "Xcode 3.2";
			developmentRegion = English;
			hasScannedForEncodings = 0;
			knownRegions = (
				en,
				Base,
			);
			mainGroup = B32FC1F51D1198BD002CB2B1;
			productRefGroup = B32FC1FF1D1198BD002CB2B1 /* Products */;
			projectDirPath = "";
			projectRoot = "";
			targets = (
				B32FC1FD1D1198BD002CB2B1 /* PictureImage */,
				B32FC2161D1198BD002CB2B1 /* PictureImageUITests */,
			);
		};
/* End PBXProject section */

/* Begin PBXResourcesBuildPhase section */
		B32FC1FC1D1198BD002CB2B1 /* Resources */ = {
			isa = PBXResourcesBuildPhase;
			buildActionMask = 2147483647;
			files = (
				B3A3EE661D124555002FCA4B /* stronLoading.gif in Resources */,
				B3A3EE691D124555002FCA4B /* kuColorLoading.gif in Resources */,
				B32FC2111D1198BD002CB2B1 /* LaunchScreen.storyboard in Resources */,
				B32FC20E1D1198BD002CB2B1 /* Assets.xcassets in Resources */,
				B32FC20C1D1198BD002CB2B1 /* Main.storyboard in Resources */,
				B3A3EE641D124555002FCA4B /* load.gif in Resources */,
				B3A3EE5B1D124546002FCA4B /* niconiconi.gif in Resources */,
				B3A3EE651D124555002FCA4B /* loadWater.gif in Resources */,
			);
			runOnlyForDeploymentPostprocessing = 0;
		};
		B32FC2151D1198BD002CB2B1 /* Resources */ = {
			isa = PBXResourcesBuildPhase;
			buildActionMask = 2147483647;
			files = (
			);
			runOnlyForDeploymentPostprocessing = 0;
		};
/* End PBXResourcesBuildPhase section */

/* Begin PBXShellScriptBuildPhase section */
		1E424F864813681978E9550C /* Copy Pods Resources */ = {
			isa = PBXShellScriptBuildPhase;
			buildActionMask = 2147483647;
			files = (
			);
			inputPaths = (
			);
			name = "Copy Pods Resources";
			outputPaths = (
			);
			runOnlyForDeploymentPostprocessing = 0;
			shellPath = /bin/sh;
			shellScript = "\"${SRCROOT}/Pods/Target Support Files/Pods/Pods-resources.sh\"\n";
			showEnvVarsInLog = 0;
		};
		8612ABDCAEED24A33F6896CA /* Check Pods Manifest.lock */ = {
			isa = PBXShellScriptBuildPhase;
			buildActionMask = 2147483647;
			files = (
			);
			inputPaths = (
			);
			name = "Check Pods Manifest.lock";
			outputPaths = (
			);
			runOnlyForDeploymentPostprocessing = 0;
			shellPath = /bin/sh;
			shellScript = "diff \"${PODS_ROOT}/../Podfile.lock\" \"${PODS_ROOT}/Manifest.lock\" > /dev/null\nif [[ $? != 0 ]] ; then\n    cat << EOM\nerror: The sandbox is not in sync with the Podfile.lock. Run 'pod install' or update your CocoaPods installation.\nEOM\n    exit 1\nfi\n";
			showEnvVarsInLog = 0;
		};
		A0D72EFC4390F4546665357D /* Embed Pods Frameworks */ = {
			isa = PBXShellScriptBuildPhase;
			buildActionMask = 2147483647;
			files = (
			);
			inputPaths = (
			);
			name = "Embed Pods Frameworks";
			outputPaths = (
			);
			runOnlyForDeploymentPostprocessing = 0;
			shellPath = /bin/sh;
			shellScript = "\"${SRCROOT}/Pods/Target Support Files/Pods/Pods-frameworks.sh\"\n";
			showEnvVarsInLog = 0;
		};
/* End PBXShellScriptBuildPhase section */

/* Begin PBXSourcesBuildPhase section */
		B32FC1FA1D1198BD002CB2B1 /* Sources */ = {
			isa = PBXSourcesBuildPhase;
			buildActionMask = 2147483647;
			files = (
				B32FC22B1D11A821002CB2B1 /* JYCImageIOP.m in Sources */,
				B32FC2281D119BAC002CB2B1 /* SvIncrementallyImage.m in Sources */,
				B32FC2091D1198BD002CB2B1 /* ViewController.m in Sources */,
				B3A3EE571D12413F002FCA4B /* UIViewController+Loading.m in Sources */,
				B3A3EE4E1D12347D002FCA4B /* UIFont+SetFontWithiPhoneStyle.m in Sources */,
				B32FC2061D1198BD002CB2B1 /* AppDelegate.m in Sources */,
				B32FC2031D1198BD002CB2B1 /* main.m in Sources */,
				B3A3EE511D124035002FCA4B /* UIImage+animatedGIF.m in Sources */,
			);
			runOnlyForDeploymentPostprocessing = 0;
		};
		B32FC2131D1198BD002CB2B1 /* Sources */ = {
			isa = PBXSourcesBuildPhase;
			buildActionMask = 2147483647;
			files = (
				B32FC21C1D1198BD002CB2B1 /* PictureImageUITests.m in Sources */,
			);
			runOnlyForDeploymentPostprocessing = 0;
		};
/* End PBXSourcesBuildPhase section */

/* Begin PBXTargetDependency section */
		B32FC2191D1198BD002CB2B1 /* PBXTargetDependency */ = {
			isa = PBXTargetDependency;
			target = B32FC1FD1D1198BD002CB2B1 /* PictureImage */;
			targetProxy = B32FC2181D1198BD002CB2B1 /* PBXContainerItemProxy */;
		};
/* End PBXTargetDependency section */

/* Begin PBXVariantGroup section */
		B32FC20A1D1198BD002CB2B1 /* Main.storyboard */ = {
			isa = PBXVariantGroup;
			children = (
				B32FC20B1D1198BD002CB2B1 /* Base */,
			);
			name = Main.storyboard;
			sourceTree = "<group>";
		};
		B32FC20F1D1198BD002CB2B1 /* LaunchScreen.storyboard */ = {
			isa = PBXVariantGroup;
			children = (
				B32FC2101D1198BD002CB2B1 /* Base */,
			);
			name = LaunchScreen.storyboard;
			sourceTree = "<group>";
		};
/* End PBXVariantGroup section */

/* Begin XCBuildConfiguration section */
		B32FC21E1D1198BD002CB2B1 /* Debug */ = {
			isa = XCBuildConfiguration;
			buildSettings = {
				ALWAYS_SEARCH_USER_PATHS = NO;
				CLANG_ANALYZER_NONNULL = YES;
				CLANG_CXX_LANGUAGE_STANDARD = "gnu++0x";
				CLANG_CXX_LIBRARY = "libc++";
				CLANG_ENABLE_MODULES = YES;
				CLANG_ENABLE_OBJC_ARC = YES;
				CLANG_WARN_BOOL_CONVERSION = YES;
				CLANG_WARN_CONSTANT_CONVERSION = YES;
				CLANG_WARN_DIRECT_OBJC_ISA_USAGE = YES_ERROR;
				CLANG_WARN_EMPTY_BODY = YES;
				CLANG_WARN_ENUM_CONVERSION = YES;
				CLANG_WARN_INT_CONVERSION = YES;
				CLANG_WARN_OBJC_ROOT_CLASS = YES_ERROR;
				CLANG_WARN_UNREACHABLE_CODE = YES;
				CLANG_WARN__DUPLICATE_METHOD_MATCH = YES;
				"CODE_SIGN_IDENTITY[sdk=iphoneos*]" = "iPhone Developer";
				COPY_PHASE_STRIP = NO;
				DEBUG_INFORMATION_FORMAT = dwarf;
				ENABLE_STRICT_OBJC_MSGSEND = YES;
				ENABLE_TESTABILITY = YES;
				GCC_C_LANGUAGE_STANDARD = gnu99;
				GCC_DYNAMIC_NO_PIC = NO;
				GCC_NO_COMMON_BLOCKS = YES;
				GCC_OPTIMIZATION_LEVEL = 0;
				GCC_PREPROCESSOR_DEFINITIONS = (
					"DEBUG=1",
					"$(inherited)",
				);
				GCC_WARN_64_TO_32_BIT_CONVERSION = YES;
				GCC_WARN_ABOUT_RETURN_TYPE = YES_ERROR;
				GCC_WARN_UNDECLARED_SELECTOR = YES;
				GCC_WARN_UNINITIALIZED_AUTOS = YES_AGGRESSIVE;
				GCC_WARN_UNUSED_FUNCTION = YES;
				GCC_WARN_UNUSED_VARIABLE = YES;
				IPHONEOS_DEPLOYMENT_TARGET = 9.3;
				MTL_ENABLE_DEBUG_INFO = YES;
				ONLY_ACTIVE_ARCH = YES;
				SDKROOT = iphoneos;
			};
			name = Debug;
		};
		B32FC21F1D1198BD002CB2B1 /* Release */ = {
			isa = XCBuildConfiguration;
			buildSettings = {
				ALWAYS_SEARCH_USER_PATHS = NO;
				CLANG_ANALYZER_NONNULL = YES;
				CLANG_CXX_LANGUAGE_STANDARD = "gnu++0x";
				CLANG_CXX_LIBRARY = "libc++";
				CLANG_ENABLE_MODULES = YES;
				CLANG_ENABLE_OBJC_ARC = YES;
				CLANG_WARN_BOOL_CONVERSION = YES;
				CLANG_WARN_CONSTANT_CONVERSION = YES;
				CLANG_WARN_DIRECT_OBJC_ISA_USAGE = YES_ERROR;
				CLANG_WARN_EMPTY_BODY = YES;
				CLANG_WARN_ENUM_CONVERSION = YES;
				CLANG_WARN_INT_CONVERSION = YES;
				CLANG_WARN_OBJC_ROOT_CLASS = YES_ERROR;
				CLANG_WARN_UNREACHABLE_CODE = YES;
				CLANG_WARN__DUPLICATE_METHOD_MATCH = YES;
				"CODE_SIGN_IDENTITY[sdk=iphoneos*]" = "iPhone Developer";
				COPY_PHASE_STRIP = NO;
				DEBUG_INFORMATION_FORMAT = "dwarf-with-dsym";
				ENABLE_NS_ASSERTIONS = NO;
				ENABLE_STRICT_OBJC_MSGSEND = YES;
				GCC_C_LANGUAGE_STANDARD = gnu99;
				GCC_NO_COMMON_BLOCKS = YES;
				GCC_WARN_64_TO_32_BIT_CONVERSION = YES;
				GCC_WARN_ABOUT_RETURN_TYPE = YES_ERROR;
				GCC_WARN_UNDECLARED_SELECTOR = YES;
				GCC_WARN_UNINITIALIZED_AUTOS = YES_AGGRESSIVE;
				GCC_WARN_UNUSED_FUNCTION = YES;
				GCC_WARN_UNUSED_VARIABLE = YES;
				IPHONEOS_DEPLOYMENT_TARGET = 9.3;
				MTL_ENABLE_DEBUG_INFO = NO;
				SDKROOT = iphoneos;
				VALIDATE_PRODUCT = YES;
			};
			name = Release;
		};
		B32FC2211D1198BD002CB2B1 /* Debug */ = {
			isa = XCBuildConfiguration;
			baseConfigurationReference = 4719AFC2DB3E9C22E50A4B55 /* Pods.debug.xcconfig */;
			buildSettings = {
				ASSETCATALOG_COMPILER_APPICON_NAME = AppIcon;
				INFOPLIST_FILE = PictureImage/Info.plist;
				IPHONEOS_DEPLOYMENT_TARGET = 8.0;
				LD_RUNPATH_SEARCH_PATHS = "$(inherited) @executable_path/Frameworks";
				PRODUCT_BUNDLE_IDENTIFIER = jiangyongchang.PictureImage;
				PRODUCT_NAME = "$(TARGET_NAME)";
			};
			name = Debug;
		};
		B32FC2221D1198BD002CB2B1 /* Release */ = {
			isa = XCBuildConfiguration;
			baseConfigurationReference = A6406516AE586348F314C8E4 /* Pods.release.xcconfig */;
			buildSettings = {
				ASSETCATALOG_COMPILER_APPICON_NAME = AppIcon;
				INFOPLIST_FILE = PictureImage/Info.plist;
				IPHONEOS_DEPLOYMENT_TARGET = 8.0;
				LD_RUNPATH_SEARCH_PATHS = "$(inherited) @executable_path/Frameworks";
				PRODUCT_BUNDLE_IDENTIFIER = jiangyongchang.PictureImage;
				PRODUCT_NAME = "$(TARGET_NAME)";
			};
			name = Release;
		};
		B32FC2241D1198BD002CB2B1 /* Debug */ = {
			isa = XCBuildConfiguration;
			buildSettings = {
				INFOPLIST_FILE = PictureImageUITests/Info.plist;
				LD_RUNPATH_SEARCH_PATHS = "$(inherited) @executable_path/Frameworks @loader_path/Frameworks";
				PRODUCT_BUNDLE_IDENTIFIER = jiangyongchang.PictureImageUITests;
				PRODUCT_NAME = "$(TARGET_NAME)";
				TEST_TARGET_NAME = PictureImage;
			};
			name = Debug;
		};
		B32FC2251D1198BD002CB2B1 /* Release */ = {
			isa = XCBuildConfiguration;
			buildSettings = {
				INFOPLIST_FILE = PictureImageUITests/Info.plist;
				LD_RUNPATH_SEARCH_PATHS = "$(inherited) @executable_path/Frameworks @loader_path/Frameworks";
				PRODUCT_BUNDLE_IDENTIFIER = jiangyongchang.PictureImageUITests;
				PRODUCT_NAME = "$(TARGET_NAME)";
				TEST_TARGET_NAME = PictureImage;
			};
			name = Release;
		};
/* End XCBuildConfiguration section */

/* Begin XCConfigurationList section */
		B32FC1F91D1198BD002CB2B1 /* Build configuration list for PBXProject "PictureImage" */ = {
			isa = XCConfigurationList;
			buildConfigurations = (
				B32FC21E1D1198BD002CB2B1 /* Debug */,
				B32FC21F1D1198BD002CB2B1 /* Release */,
			);
			defaultConfigurationIsVisible = 0;
			defaultConfigurationName = Release;
		};
		B32FC2201D1198BD002CB2B1 /* Build configuration list for PBXNativeTarget "PictureImage" */ = {
			isa = XCConfigurationList;
			buildConfigurations = (
				B32FC2211D1198BD002CB2B1 /* Debug */,
				B32FC2221D1198BD002CB2B1 /* Release */,
			);
			defaultConfigurationIsVisible = 0;
			defaultConfigurationName = Release;
		};
		B32FC2231D1198BD002CB2B1 /* Build configuration list for PBXNativeTarget "PictureImageUITests" */ = {
			isa = XCConfigurationList;
			buildConfigurations = (
				B32FC2241D1198BD002CB2B1 /* Debug */,
				B32FC2251D1198BD002CB2B1 /* Release */,
			);
			defaultConfigurationIsVisible = 0;
			defaultConfigurationName = Release;
		};
/* End XCConfigurationList section */
	};
	rootObject = B32FC1F61D1198BD002CB2B1 /* Project object */;
}
